{
  "name": "uhrp-react-example",
  "version": "0.0.0",
  "lockfileVersion": 3,
  "requires": true,
  "packages": {
    "": {
      "name": "uhrp-react-example",
      "version": "0.0.0",
      "dependencies": {
        "react": "file:../node_modules/react",
        "react-dom": "file:../node_modules/react-dom",
        "react-scripts": "file:../node_modules/react-scripts",
        "uhrp-react": "file:.."
      }
    },
    "..": {
      "version": "0.2.38",
      "license": "Open BSV License",
      "dependencies": {
        "@bsv/sdk": "^1.4.6",
        "zustand": "^4.5.0"
      },
      "devDependencies": {
        "@types/react": "^18.3.18",
        "react": "^18.2.0",
        "react-dom": "^18.2.0",
        "rollup": "^2.32.1",
        "rollup-plugin-typescript2": "^0.36.0",
        "standard": "^15.0.0",
        "typescript": "^5.8.2"
      },
      "peerDependencies": {
        "react": "*"
      }
    },
    "../node_modules/react": {
      "version": "18.2.0",
      "license": "MIT",
      "dependencies": {
        "loose-envify": "^1.1.0"
      },
      "engines": {
        "node": ">=0.10.0"
      }
    },
    "../node_modules/react-dom": {
      "version": "18.2.0",
      "license": "MIT",
      "dependencies": {
        "loose-envify": "^1.1.0",
        "scheduler": "^0.23.0"
      },
      "peerDependencies": {
        "react": "^18.2.0"
      }
    },
    "../node_modules/react-scripts": {},
    "node_modules/react": {
      "resolved": "../node_modules/react",
      "link": true
    },
    "node_modules/react-dom": {
      "resolved": "../node_modules/react-dom",
      "link": true
    },
    "node_modules/react-scripts": {
      "resolved": "../node_modules/react-scripts",
      "link": true
    },
    "node_modules/uhrp-react": {
      "resolved": "..",
      "link": true
    }
  }
}
